
Microsoft Visual Studio Solution File, Format Version 12.00
# Visual Studio Version 16
VisualStudioVersion = 16.0.30804.86
MinimumVisualStudioVersion = 10.0.40219.1
Project("{9A19103F-16F7-4668-BE54-9A1E7A4F7556}") = "LinkedListSolution", "LinkedListSolution.csproj", "{01AB795C-1FD6-4198-B83A-4E0B2C9F3D62}"
EndProject
Project("{FAE04EC0-301F-11D3-BF4B-00C04F79EFBC}") = "LinkedListNUnitTestProject", "..\LinkedListNUnitTestProject\LinkedListNUnitTestProject.csproj", "{36307F53-AA77-419C-A0CC-A8588933038C}"
EndProject
Global
	GlobalSection(SolutionConfigurationPlatforms) = preSolution
		Debug|Any CPU = Debug|Any CPU
		Release|Any CPU = Release|Any CPU
	EndGlobalSection
	GlobalSection(ProjectConfigurationPlatforms) = postSolution
		{01AB795C-1FD6-4198-B83A-4E0B2C9F3D62}.Debug|Any CPU.ActiveCfg = Debug|Any CPU
		{01AB795C-1FD6-4198-B83A-4E0B2C9F3D62}.Debug|Any CPU.Build.0 = Debug|Any CPU
		{01AB795C-1FD6-4198-B83A-4E0B2C9F3D62}.Release|Any CPU.ActiveCfg = Release|Any CPU
		{01AB795C-1FD6-4198-B83A-4E0B2C9F3D62}.Release|Any CPU.Build.0 = Release|Any CPU
		{36307F53-AA77-419C-A0CC-A8588933038C}.Debug|Any CPU.ActiveCfg = Debug|Any CPU
		{36307F53-AA77-419C-A0CC-A8588933038C}.Debug|Any CPU.Build.0 = Debug|Any CPU
		{36307F53-AA77-419C-A0CC-A8588933038C}.Release|Any CPU.ActiveCfg = Release|Any CPU
		{36307F53-AA77-419C-A0CC-A8588933038C}.Release|Any CPU.Build.0 = Release|Any CPU
	EndGlobalSection
	GlobalSection(SolutionProperties) = preSolution
		HideSolutionNode = FALSE
	EndGlobalSection
	GlobalSection(ExtensibilityGlobals) = postSolution
		SolutionGuid = {B64870B5-9879-4842-8AA6-127951711843}
	EndGlobalSection
EndGlobal
